
Microsoft Visual Studio Solution File, Format Version 12.00
# Visual Studio Version 16
VisualStudioVersion = 16.0.30711.63
MinimumVisualStudioVersion = 10.0.40219.1
Project("{9A19103F-16F7-4668-BE54-9A1E7A4F7556}") = "MarsRoverProblemSolution", "MarsRoverProblemSolution.csproj", "{384E16BF-6F28-449D-879C-116CB20B51FD}"
EndProject
Project("{FAE04EC0-301F-11D3-BF4B-00C04F79EFBC}") = "NasaRoverTest", "NasaRoverTest\NasaRoverTest.csproj", "{72BF9CD9-A318-4EA2-B85D-EAA666195F88}"
EndProject
Global
	GlobalSection(SolutionConfigurationPlatforms) = preSolution
		Debug|Any CPU = Debug|Any CPU
		Release|Any CPU = Release|Any CPU
	EndGlobalSection
	GlobalSection(ProjectConfigurationPlatforms) = postSolution
		{384E16BF-6F28-449D-879C-116CB20B51FD}.Debug|Any CPU.ActiveCfg = Debug|Any CPU
		{384E16BF-6F28-449D-879C-116CB20B51FD}.Debug|Any CPU.Build.0 = Debug|Any CPU
		{384E16BF-6F28-449D-879C-116CB20B51FD}.Release|Any CPU.ActiveCfg = Release|Any CPU
		{384E16BF-6F28-449D-879C-116CB20B51FD}.Release|Any CPU.Build.0 = Release|Any CPU
		{72BF9CD9-A318-4EA2-B85D-EAA666195F88}.Debug|Any CPU.ActiveCfg = Debug|Any CPU
		{72BF9CD9-A318-4EA2-B85D-EAA666195F88}.Debug|Any CPU.Build.0 = Debug|Any CPU
		{72BF9CD9-A318-4EA2-B85D-EAA666195F88}.Release|Any CPU.ActiveCfg = Release|Any CPU
		{72BF9CD9-A318-4EA2-B85D-EAA666195F88}.Release|Any CPU.Build.0 = Release|Any CPU
	EndGlobalSection
	GlobalSection(SolutionProperties) = preSolution
		HideSolutionNode = FALSE
	EndGlobalSection
	GlobalSection(ExtensibilityGlobals) = postSolution
		SolutionGuid = {03BF113E-FAF4-4BF1-945C-C9AADD28E8B9}
	EndGlobalSection
EndGlobal
